// !$*UTF8*$!
{
	archiveVersion = 1;
	classes = {
	};
	objectVersion = 50;
	objects = {

/* Begin PBXBuildFile section */
		17C2EE8825BDCCFE00B89560 /* MeditateApp.swift in Sources */ = {isa = PBXBuildFile; fileRef = 17C2EE8725BDCCFE00B89560 /* MeditateApp.swift */; };
		17C2EE8A25BDCCFE00B89560 /* ContentView.swift in Sources */ = {isa = PBXBuildFile; fileRef = 17C2EE8925BDCCFE00B89560 /* ContentView.swift */; };
		17C2EE8C25BDCD0000B89560 /* Assets.xcassets in Resources */ = {isa = PBXBuildFile; fileRef = 17C2EE8B25BDCD0000B89560 /* Assets.xcassets */; };
		17C2EE8F25BDCD0000B89560 /* Preview Assets.xcassets in Resources */ = {isa = PBXBuildFile; fileRef = 17C2EE8E25BDCD0000B89560 /* Preview Assets.xcassets */; };
		17C2EE9A25BDCD0000B89560 /* MeditateTests.swift in Sources */ = {isa = PBXBuildFile; fileRef = 17C2EE9925BDCD0000B89560 /* MeditateTests.swift */; };
		17C2EEA525BDCD0000B89560 /* MeditateUITests.swift in Sources */ = {isa = PBXBuildFile; fileRef = 17C2EEA425BDCD0000B89560 /* MeditateUITests.swift */; };
		17C2EEB625BDCE7F00B89560 /* MeditationLibrary.swift in Sources */ = {isa = PBXBuildFile; fileRef = 17C2EEB525BDCE7F00B89560 /* MeditationLibrary.swift */; };
		17C2EEBB25BDDB7400B89560 /* TopicTests.swift in Sources */ = {isa = PBXBuildFile; fileRef = 17C2EEBA25BDDB7400B89560 /* TopicTests.swift */; };
		17C2EEC025BDDF9300B89560 /* Topic+TestHelpers.swift in Sources */ = {isa = PBXBuildFile; fileRef = 17C2EEBF25BDDF9300B89560 /* Topic+TestHelpers.swift */; };
		17C2EEC525BDE0C200B89560 /* TopicListView.swift in Sources */ = {isa = PBXBuildFile; fileRef = 17C2EEC425BDE0C200B89560 /* TopicListView.swift */; };
		17C2EECA25BE13D900B89560 /* ColorTests.swift in Sources */ = {isa = PBXBuildFile; fileRef = 17C2EEC925BE13D900B89560 /* ColorTests.swift */; };
		17C2EECF25BE1CF700B89560 /* Topic.swift in Sources */ = {isa = PBXBuildFile; fileRef = 17C2EECE25BE1CF700B89560 /* Topic.swift */; };
		17C2EED425BE1ED400B89560 /* TopicView.swift in Sources */ = {isa = PBXBuildFile; fileRef = 17C2EED325BE1ED400B89560 /* TopicView.swift */; };
		17C2EED925BE2CAC00B89560 /* Meditation.swift in Sources */ = {isa = PBXBuildFile; fileRef = 17C2EED825BE2CAC00B89560 /* Meditation.swift */; };
		17C2EEDE25BE2CDA00B89560 /* Meditation+TestHelpers.swift in Sources */ = {isa = PBXBuildFile; fileRef = 17C2EEDD25BE2CDA00B89560 /* Meditation+TestHelpers.swift */; };
/* End PBXBuildFile section */

/* Begin PBXContainerItemProxy section */
		17C2EE9625BDCD0000B89560 /* PBXContainerItemProxy */ = {
			isa = PBXContainerItemProxy;
			containerPortal = 17C2EE7C25BDCCFE00B89560 /* Project object */;
			proxyType = 1;
			remoteGlobalIDString = 17C2EE8325BDCCFE00B89560;
			remoteInfo = Meditate;
		};
		17C2EEA125BDCD0000B89560 /* PBXContainerItemProxy */ = {
			isa = PBXContainerItemProxy;
			containerPortal = 17C2EE7C25BDCCFE00B89560 /* Project object */;
			proxyType = 1;
			remoteGlobalIDString = 17C2EE8325BDCCFE00B89560;
			remoteInfo = Meditate;
		};
/* End PBXContainerItemProxy section */

/* Begin PBXFileReference section */
		17C2EE8425BDCCFE00B89560 /* Meditate.app */ = {isa = PBXFileReference; explicitFileType = wrapper.application; includeInIndex = 0; path = Meditate.app; sourceTree = BUILT_PRODUCTS_DIR; };
		17C2EE8725BDCCFE00B89560 /* MeditateApp.swift */ = {isa = PBXFileReference; lastKnownFileType = sourcecode.swift; path = MeditateApp.swift; sourceTree = "<group>"; };
		17C2EE8925BDCCFE00B89560 /* ContentView.swift */ = {isa = PBXFileReference; lastKnownFileType = sourcecode.swift; path = ContentView.swift; sourceTree = "<group>"; };
		17C2EE8B25BDCD0000B89560 /* Assets.xcassets */ = {isa = PBXFileReference; lastKnownFileType = folder.assetcatalog; path = Assets.xcassets; sourceTree = "<group>"; };
		17C2EE8E25BDCD0000B89560 /* Preview Assets.xcassets */ = {isa = PBXFileReference; lastKnownFileType = folder.assetcatalog; path = "Preview Assets.xcassets"; sourceTree = "<group>"; };
		17C2EE9025BDCD0000B89560 /* Info.plist */ = {isa = PBXFileReference; lastKnownFileType = text.plist.xml; path = Info.plist; sourceTree = "<group>"; };
		17C2EE9525BDCD0000B89560 /* MeditateTests.xctest */ = {isa = PBXFileReference; explicitFileType = wrapper.cfbundle; includeInIndex = 0; path = MeditateTests.xctest; sourceTree = BUILT_PRODUCTS_DIR; };
		17C2EE9925BDCD0000B89560 /* MeditateTests.swift */ = {isa = PBXFileReference; lastKnownFileType = sourcecode.swift; path = MeditateTests.swift; sourceTree = "<group>"; };
		17C2EE9B25BDCD0000B89560 /* Info.plist */ = {isa = PBXFileReference; lastKnownFileType = text.plist.xml; path = Info.plist; sourceTree = "<group>"; };
		17C2EEA025BDCD0000B89560 /* MeditateUITests.xctest */ = {isa = PBXFileReference; explicitFileType = wrapper.cfbundle; includeInIndex = 0; path = MeditateUITests.xctest; sourceTree = BUILT_PRODUCTS_DIR; };
		17C2EEA425BDCD0000B89560 /* MeditateUITests.swift */ = {isa = PBXFileReference; lastKnownFileType = sourcecode.swift; path = MeditateUITests.swift; sourceTree = "<group>"; };
		17C2EEA625BDCD0000B89560 /* Info.plist */ = {isa = PBXFileReference; lastKnownFileType = text.plist.xml; path = Info.plist; sourceTree = "<group>"; };
		17C2EEB525BDCE7F00B89560 /* MeditationLibrary.swift */ = {isa = PBXFileReference; lastKnownFileType = sourcecode.swift; path = MeditationLibrary.swift; sourceTree = "<group>"; };
		17C2EEBA25BDDB7400B89560 /* TopicTests.swift */ = {isa = PBXFileReference; lastKnownFileType = sourcecode.swift; path = TopicTests.swift; sourceTree = "<group>"; };
		17C2EEBF25BDDF9300B89560 /* Topic+TestHelpers.swift */ = {isa = PBXFileReference; lastKnownFileType = sourcecode.swift; path = "Topic+TestHelpers.swift"; sourceTree = "<group>"; };
		17C2EEC425BDE0C200B89560 /* TopicListView.swift */ = {isa = PBXFileReference; lastKnownFileType = sourcecode.swift; path = TopicListView.swift; sourceTree = "<group>"; };
		17C2EEC925BE13D900B89560 /* ColorTests.swift */ = {isa = PBXFileReference; lastKnownFileType = sourcecode.swift; path = ColorTests.swift; sourceTree = "<group>"; };
		17C2EECE25BE1CF700B89560 /* Topic.swift */ = {isa = PBXFileReference; lastKnownFileType = sourcecode.swift; path = Topic.swift; sourceTree = "<group>"; };
		17C2EED325BE1ED400B89560 /* TopicView.swift */ = {isa = PBXFileReference; lastKnownFileType = sourcecode.swift; path = TopicView.swift; sourceTree = "<group>"; };
		17C2EED825BE2CAC00B89560 /* Meditation.swift */ = {isa = PBXFileReference; lastKnownFileType = sourcecode.swift; path = Meditation.swift; sourceTree = "<group>"; };
		17C2EEDD25BE2CDA00B89560 /* Meditation+TestHelpers.swift */ = {isa = PBXFileReference; lastKnownFileType = sourcecode.swift; path = "Meditation+TestHelpers.swift"; sourceTree = "<group>"; };
/* End PBXFileReference section */

/* Begin PBXFrameworksBuildPhase section */
		17C2EE8125BDCCFE00B89560 /* Frameworks */ = {
			isa = PBXFrameworksBuildPhase;
			buildActionMask = 2147483647;
			files = (
			);
			runOnlyForDeploymentPostprocessing = 0;
		};
		17C2EE9225BDCD0000B89560 /* Frameworks */ = {
			isa = PBXFrameworksBuildPhase;
			buildActionMask = 2147483647;
			files = (
			);
			runOnlyForDeploymentPostprocessing = 0;
		};
		17C2EE9D25BDCD0000B89560 /* Frameworks */ = {
			isa = PBXFrameworksBuildPhase;
			buildActionMask = 2147483647;
			files = (
			);
			runOnlyForDeploymentPostprocessing = 0;
		};
/* End PBXFrameworksBuildPhase section */

/* Begin PBXGroup section */
		17C2EE7B25BDCCFE00B89560 = {
			isa = PBXGroup;
			children = (
				17C2EE8625BDCCFE00B89560 /* Meditate */,
				17C2EE9825BDCD0000B89560 /* MeditateTests */,
				17C2EEA325BDCD0000B89560 /* MeditateUITests */,
				17C2EE8525BDCCFE00B89560 /* Products */,
			);
			sourceTree = "<group>";
		};
		17C2EE8525BDCCFE00B89560 /* Products */ = {
			isa = PBXGroup;
			children = (
				17C2EE8425BDCCFE00B89560 /* Meditate.app */,
				17C2EE9525BDCD0000B89560 /* MeditateTests.xctest */,
				17C2EEA025BDCD0000B89560 /* MeditateUITests.xctest */,
			);
			name = Products;
			sourceTree = "<group>";
		};
		17C2EE8625BDCCFE00B89560 /* Meditate */ = {
			isa = PBXGroup;
			children = (
				17C2EE8725BDCCFE00B89560 /* MeditateApp.swift */,
				17C2EE8925BDCCFE00B89560 /* ContentView.swift */,
				17C2EEC425BDE0C200B89560 /* TopicListView.swift */,
				17C2EED325BE1ED400B89560 /* TopicView.swift */,
				17C2EEB525BDCE7F00B89560 /* MeditationLibrary.swift */,
				17C2EECE25BE1CF700B89560 /* Topic.swift */,
				17C2EED825BE2CAC00B89560 /* Meditation.swift */,
				17C2EE8B25BDCD0000B89560 /* Assets.xcassets */,
				17C2EE9025BDCD0000B89560 /* Info.plist */,
				17C2EE8D25BDCD0000B89560 /* Preview Content */,
			);
			path = Meditate;
			sourceTree = "<group>";
		};
		17C2EE8D25BDCD0000B89560 /* Preview Content */ = {
			isa = PBXGroup;
			children = (
				17C2EE8E25BDCD0000B89560 /* Preview Assets.xcassets */,
			);
			path = "Preview Content";
			sourceTree = "<group>";
		};
		17C2EE9825BDCD0000B89560 /* MeditateTests */ = {
			isa = PBXGroup;
			children = (
				17C2EE9925BDCD0000B89560 /* MeditateTests.swift */,
				17C2EEBA25BDDB7400B89560 /* TopicTests.swift */,
				17C2EEC925BE13D900B89560 /* ColorTests.swift */,
				17C2EEBF25BDDF9300B89560 /* Topic+TestHelpers.swift */,
				17C2EEDD25BE2CDA00B89560 /* Meditation+TestHelpers.swift */,
				17C2EE9B25BDCD0000B89560 /* Info.plist */,
			);
			path = MeditateTests;
			sourceTree = "<group>";
		};
		17C2EEA325BDCD0000B89560 /* MeditateUITests */ = {
			isa = PBXGroup;
			children = (
				17C2EEA425BDCD0000B89560 /* MeditateUITests.swift */,
				17C2EEA625BDCD0000B89560 /* Info.plist */,
			);
			path = MeditateUITests;
			sourceTree = "<group>";
		};
/* End PBXGroup section */

/* Begin PBXNativeTarget section */
		17C2EE8325BDCCFE00B89560 /* Meditate */ = {
			isa = PBXNativeTarget;
			buildConfigurationList = 17C2EEA925BDCD0000B89560 /* Build configuration list for PBXNativeTarget "Meditate" */;
			buildPhases = (
				17C2EE8025BDCCFE00B89560 /* Sources */,
				17C2EE8125BDCCFE00B89560 /* Frameworks */,
				17C2EE8225BDCCFE00B89560 /* Resources */,
			);
			buildRules = (
			);
			dependencies = (
			);
			name = Meditate;
			productName = Meditate;
			productReference = 17C2EE8425BDCCFE00B89560 /* Meditate.app */;
			productType = "com.apple.product-type.application";
		};
		17C2EE9425BDCD0000B89560 /* MeditateTests */ = {
			isa = PBXNativeTarget;
			buildConfigurationList = 17C2EEAC25BDCD0000B89560 /* Build configuration list for PBXNativeTarget "MeditateTests" */;
			buildPhases = (
				17C2EE9125BDCD0000B89560 /* Sources */,
				17C2EE9225BDCD0000B89560 /* Frameworks */,
				17C2EE9325BDCD0000B89560 /* Resources */,
			);
			buildRules = (
			);
			dependencies = (
				17C2EE9725BDCD0000B89560 /* PBXTargetDependency */,
			);
			name = MeditateTests;
			productName = MeditateTests;
			productReference = 17C2EE9525BDCD0000B89560 /* MeditateTests.xctest */;
			productType = "com.apple.product-type.bundle.unit-test";
		};
		17C2EE9F25BDCD0000B89560 /* MeditateUITests */ = {
			isa = PBXNativeTarget;
			buildConfigurationList = 17C2EEAF25BDCD0000B89560 /* Build configuration list for PBXNativeTarget "MeditateUITests" */;
			buildPhases = (
				17C2EE9C25BDCD0000B89560 /* Sources */,
				17C2EE9D25BDCD0000B89560 /* Frameworks */,
				17C2EE9E25BDCD0000B89560 /* Resources */,
			);
			buildRules = (
			);
			dependencies = (
				17C2EEA225BDCD0000B89560 /* PBXTargetDependency */,
			);
			name = MeditateUITests;
			productName = MeditateUITests;
			productReference = 17C2EEA025BDCD0000B89560 /* MeditateUITests.xctest */;
			productType = "com.apple.product-type.bundle.ui-testing";
		};
/* End PBXNativeTarget section */

/* Begin PBXProject section */
		17C2EE7C25BDCCFE00B89560 /* Project object */ = {
			isa = PBXProject;
			attributes = {
				LastSwiftUpdateCheck = 1230;
				LastUpgradeCheck = 1230;
				TargetAttributes = {
					17C2EE8325BDCCFE00B89560 = {
						CreatedOnToolsVersion = 12.3;
					};
					17C2EE9425BDCD0000B89560 = {
						CreatedOnToolsVersion = 12.3;
						TestTargetID = 17C2EE8325BDCCFE00B89560;
					};
					17C2EE9F25BDCD0000B89560 = {
						CreatedOnToolsVersion = 12.3;
						TestTargetID = 17C2EE8325BDCCFE00B89560;
					};
				};
			};
			buildConfigurationList = 17C2EE7F25BDCCFE00B89560 /* Build configuration list for PBXProject "Meditate" */;
			compatibilityVersion = "Xcode 9.3";
			developmentRegion = en;
			hasScannedForEncodings = 0;
			knownRegions = (
				en,
				Base,
			);
			mainGroup = 17C2EE7B25BDCCFE00B89560;
			productRefGroup = 17C2EE8525BDCCFE00B89560 /* Products */;
			projectDirPath = "";
			projectRoot = "";
			targets = (
				17C2EE8325BDCCFE00B89560 /* Meditate */,
				17C2EE9425BDCD0000B89560 /* MeditateTests */,
				17C2EE9F25BDCD0000B89560 /* MeditateUITests */,
			);
		};
/* End PBXProject section */

/* Begin PBXResourcesBuildPhase section */
		17C2EE8225BDCCFE00B89560 /* Resources */ = {
			isa = PBXResourcesBuildPhase;
			buildActionMask = 2147483647;
			files = (
				17C2EE8F25BDCD0000B89560 /* Preview Assets.xcassets in Resources */,
				17C2EE8C25BDCD0000B89560 /* Assets.xcassets in Resources */,
			);
			runOnlyForDeploymentPostprocessing = 0;
		};
		17C2EE9325BDCD0000B89560 /* Resources */ = {
			isa = PBXResourcesBuildPhase;
			buildActionMask = 2147483647;
			files = (
			);
			runOnlyForDeploymentPostprocessing = 0;
		};
		17C2EE9E25BDCD0000B89560 /* Resources */ = {
			isa = PBXResourcesBuildPhase;
			buildActionMask = 2147483647;
			files = (
			);
			runOnlyForDeploymentPostprocessing = 0;
		};
/* End PBXResourcesBuildPhase section */

/* Begin PBXSourcesBuildPhase section */
		17C2EE8025BDCCFE00B89560 /* Sources */ = {
			isa = PBXSourcesBuildPhase;
			buildActionMask = 2147483647;
			files = (
				17C2EEC525BDE0C200B89560 /* TopicListView.swift in Sources */,
				17C2EECF25BE1CF700B89560 /* Topic.swift in Sources */,
				17C2EED425BE1ED400B89560 /* TopicView.swift in Sources */,
				17C2EE8A25BDCCFE00B89560 /* ContentView.swift in Sources */,
				17C2EE8825BDCCFE00B89560 /* MeditateApp.swift in Sources */,
				17C2EED925BE2CAC00B89560 /* Meditation.swift in Sources */,
				17C2EEB625BDCE7F00B89560 /* MeditationLibrary.swift in Sources */,
			);
			runOnlyForDeploymentPostprocessing = 0;
		};
		17C2EE9125BDCD0000B89560 /* Sources */ = {
			isa = PBXSourcesBuildPhase;
			buildActionMask = 2147483647;
			files = (
				17C2EEC025BDDF9300B89560 /* Topic+TestHelpers.swift in Sources */,
				17C2EECA25BE13D900B89560 /* ColorTests.swift in Sources */,
				17C2EE9A25BDCD0000B89560 /* MeditateTests.swift in Sources */,
				17C2EEBB25BDDB7400B89560 /* TopicTests.swift in Sources */,
				17C2EEDE25BE2CDA00B89560 /* Meditation+TestHelpers.swift in Sources */,
			);
			runOnlyForDeploymentPostprocessing = 0;
		};
		17C2EE9C25BDCD0000B89560 /* Sources */ = {
			isa = PBXSourcesBuildPhase;
			buildActionMask = 2147483647;
			files = (
				17C2EEA525BDCD0000B89560 /* MeditateUITests.swift in Sources */,
			);
			runOnlyForDeploymentPostprocessing = 0;
		};
/* End PBXSourcesBuildPhase section */

/* Begin PBXTargetDependency section */
		17C2EE9725BDCD0000B89560 /* PBXTargetDependency */ = {
			isa = PBXTargetDependency;
			target = 17C2EE8325BDCCFE00B89560 /* Meditate */;
			targetProxy = 17C2EE9625BDCD0000B89560 /* PBXContainerItemProxy */;
		};
		17C2EEA225BDCD0000B89560 /* PBXTargetDependency */ = {
			isa = PBXTargetDependency;
			target = 17C2EE8325BDCCFE00B89560 /* Meditate */;
			targetProxy = 17C2EEA125BDCD0000B89560 /* PBXContainerItemProxy */;
		};
/* End PBXTargetDependency section */

/* Begin XCBuildConfiguration section */
		17C2EEA725BDCD0000B89560 /* Debug */ = {
			isa = XCBuildConfiguration;
			buildSettings = {
				ALWAYS_SEARCH_USER_PATHS = NO;
				CLANG_ANALYZER_NONNULL = YES;
				CLANG_ANALYZER_NUMBER_OBJECT_CONVERSION = YES_AGGRESSIVE;
				CLANG_CXX_LANGUAGE_STANDARD = "gnu++14";
				CLANG_CXX_LIBRARY = "libc++";
				CLANG_ENABLE_MODULES = YES;
				CLANG_ENABLE_OBJC_ARC = YES;
				CLANG_ENABLE_OBJC_WEAK = YES;
				CLANG_WARN_BLOCK_CAPTURE_AUTORELEASING = YES;
				CLANG_WARN_BOOL_CONVERSION = YES;
				CLANG_WARN_COMMA = YES;
				CLANG_WARN_CONSTANT_CONVERSION = YES;
				CLANG_WARN_DEPRECATED_OBJC_IMPLEMENTATIONS = YES;
				CLANG_WARN_DIRECT_OBJC_ISA_USAGE = YES_ERROR;
				CLANG_WARN_DOCUMENTATION_COMMENTS = YES;
				CLANG_WARN_EMPTY_BODY = YES;
				CLANG_WARN_ENUM_CONVERSION = YES;
				CLANG_WARN_INFINITE_RECURSION = YES;
				CLANG_WARN_INT_CONVERSION = YES;
				CLANG_WARN_NON_LITERAL_NULL_CONVERSION = YES;
				CLANG_WARN_OBJC_IMPLICIT_RETAIN_SELF = YES;
				CLANG_WARN_OBJC_LITERAL_CONVERSION = YES;
				CLANG_WARN_OBJC_ROOT_CLASS = YES_ERROR;
				CLANG_WARN_QUOTED_INCLUDE_IN_FRAMEWORK_HEADER = YES;
				CLANG_WARN_RANGE_LOOP_ANALYSIS = YES;
				CLANG_WARN_STRICT_PROTOTYPES = YES;
				CLANG_WARN_SUSPICIOUS_MOVE = YES;
				CLANG_WARN_UNGUARDED_AVAILABILITY = YES_AGGRESSIVE;
				CLANG_WARN_UNREACHABLE_CODE = YES;
				CLANG_WARN__DUPLICATE_METHOD_MATCH = YES;
				COPY_PHASE_STRIP = NO;
				DEBUG_INFORMATION_FORMAT = dwarf;
				ENABLE_STRICT_OBJC_MSGSEND = YES;
				ENABLE_TESTABILITY = YES;
				GCC_C_LANGUAGE_STANDARD = gnu11;
				GCC_DYNAMIC_NO_PIC = NO;
				GCC_NO_COMMON_BLOCKS = YES;
				GCC_OPTIMIZATION_LEVEL = 0;
				GCC_PREPROCESSOR_DEFINITIONS = (
					"DEBUG=1",
					"$(inherited)",
				);
				GCC_WARN_64_TO_32_BIT_CONVERSION = YES;
				GCC_WARN_ABOUT_RETURN_TYPE = YES_ERROR;
				GCC_WARN_UNDECLARED_SELECTOR = YES;
				GCC_WARN_UNINITIALIZED_AUTOS = YES_AGGRESSIVE;
				GCC_WARN_UNUSED_FUNCTION = YES;
				GCC_WARN_UNUSED_VARIABLE = YES;
				IPHONEOS_DEPLOYMENT_TARGET = 14.3;
				MTL_ENABLE_DEBUG_INFO = INCLUDE_SOURCE;
				MTL_FAST_MATH = YES;
				ONLY_ACTIVE_ARCH = YES;
				SDKROOT = iphoneos;
				SWIFT_ACTIVE_COMPILATION_CONDITIONS = DEBUG;
				SWIFT_OPTIMIZATION_LEVEL = "-Onone";
			};
			name = Debug;
		};
		17C2EEA825BDCD0000B89560 /* Release */ = {
			isa = XCBuildConfiguration;
			buildSettings = {
				ALWAYS_SEARCH_USER_PATHS = NO;
				CLANG_ANALYZER_NONNULL = YES;
				CLANG_ANALYZER_NUMBER_OBJECT_CONVERSION = YES_AGGRESSIVE;
				CLANG_CXX_LANGUAGE_STANDARD = "gnu++14";
				CLANG_CXX_LIBRARY = "libc++";
				CLANG_ENABLE_MODULES = YES;
				CLANG_ENABLE_OBJC_ARC = YES;
				CLANG_ENABLE_OBJC_WEAK = YES;
				CLANG_WARN_BLOCK_CAPTURE_AUTORELEASING = YES;
				CLANG_WARN_BOOL_CONVERSION = YES;
				CLANG_WARN_COMMA = YES;
				CLANG_WARN_CONSTANT_CONVERSION = YES;
				CLANG_WARN_DEPRECATED_OBJC_IMPLEMENTATIONS = YES;
				CLANG_WARN_DIRECT_OBJC_ISA_USAGE = YES_ERROR;
				CLANG_WARN_DOCUMENTATION_COMMENTS = YES;
				CLANG_WARN_EMPTY_BODY = YES;
				CLANG_WARN_ENUM_CONVERSION = YES;
				CLANG_WARN_INFINITE_RECURSION = YES;
				CLANG_WARN_INT_CONVERSION = YES;
				CLANG_WARN_NON_LITERAL_NULL_CONVERSION = YES;
				CLANG_WARN_OBJC_IMPLICIT_RETAIN_SELF = YES;
				CLANG_WARN_OBJC_LITERAL_CONVERSION = YES;
				CLANG_WARN_OBJC_ROOT_CLASS = YES_ERROR;
				CLANG_WARN_QUOTED_INCLUDE_IN_FRAMEWORK_HEADER = YES;
				CLANG_WARN_RANGE_LOOP_ANALYSIS = YES;
				CLANG_WARN_STRICT_PROTOTYPES = YES;
				CLANG_WARN_SUSPICIOUS_MOVE = YES;
				CLANG_WARN_UNGUARDED_AVAILABILITY = YES_AGGRESSIVE;
				CLANG_WARN_UNREACHABLE_CODE = YES;
				CLANG_WARN__DUPLICATE_METHOD_MATCH = YES;
				COPY_PHASE_STRIP = NO;
				DEBUG_INFORMATION_FORMAT = "dwarf-with-dsym";
				ENABLE_NS_ASSERTIONS = NO;
				ENABLE_STRICT_OBJC_MSGSEND = YES;
				GCC_C_LANGUAGE_STANDARD = gnu11;
				GCC_NO_COMMON_BLOCKS = YES;
				GCC_WARN_64_TO_32_BIT_CONVERSION = YES;
				GCC_WARN_ABOUT_RETURN_TYPE = YES_ERROR;
				GCC_WARN_UNDECLARED_SELECTOR = YES;
				GCC_WARN_UNINITIALIZED_AUTOS = YES_AGGRESSIVE;
				GCC_WARN_UNUSED_FUNCTION = YES;
				GCC_WARN_UNUSED_VARIABLE = YES;
				IPHONEOS_DEPLOYMENT_TARGET = 14.3;
				MTL_ENABLE_DEBUG_INFO = NO;
				MTL_FAST_MATH = YES;
				SDKROOT = iphoneos;
				SWIFT_COMPILATION_MODE = wholemodule;
				SWIFT_OPTIMIZATION_LEVEL = "-O";
				VALIDATE_PRODUCT = YES;
			};
			name = Release;
		};
		17C2EEAA25BDCD0000B89560 /* Debug */ = {
			isa = XCBuildConfiguration;
			buildSettings = {
				ASSETCATALOG_COMPILER_APPICON_NAME = AppIcon;
				ASSETCATALOG_COMPILER_GLOBAL_ACCENT_COLOR_NAME = AccentColor;
				CODE_SIGN_STYLE = Automatic;
				DEVELOPMENT_ASSET_PATHS = "\"Meditate/Preview Content\"";
				ENABLE_PREVIEWS = YES;
				INFOPLIST_FILE = Meditate/Info.plist;
				IPHONEOS_DEPLOYMENT_TARGET = 14.0;
				LD_RUNPATH_SEARCH_PATHS = (
					"$(inherited)",
					"@executable_path/Frameworks",
				);
				PRODUCT_BUNDLE_IDENTIFIER = com.duffneubauer.Meditate;
				PRODUCT_NAME = "$(TARGET_NAME)";
				SWIFT_VERSION = 5.0;
				TARGETED_DEVICE_FAMILY = "1,2";
			};
			name = Debug;
		};
		17C2EEAB25BDCD0000B89560 /* Release */ = {
			isa = XCBuildConfiguration;
			buildSettings = {
				ASSETCATALOG_COMPILER_APPICON_NAME = AppIcon;
				ASSETCATALOG_COMPILER_GLOBAL_ACCENT_COLOR_NAME = AccentColor;
				CODE_SIGN_STYLE = Automatic;
				DEVELOPMENT_ASSET_PATHS = "\"Meditate/Preview Content\"";
				ENABLE_PREVIEWS = YES;
				INFOPLIST_FILE = Meditate/Info.plist;
				IPHONEOS_DEPLOYMENT_TARGET = 14.0;
				LD_RUNPATH_SEARCH_PATHS = (
					"$(inherited)",
					"@executable_path/Frameworks",
				);
				PRODUCT_BUNDLE_IDENTIFIER = com.duffneubauer.Meditate;
				PRODUCT_NAME = "$(TARGET_NAME)";
				SWIFT_VERSION = 5.0;
				TARGETED_DEVICE_FAMILY = "1,2";
			};
			name = Release;
		};
		17C2EEAD25BDCD0000B89560 /* Debug */ = {
			isa = XCBuildConfiguration;
			buildSettings = {
				ALWAYS_EMBED_SWIFT_STANDARD_LIBRARIES = YES;
				BUNDLE_LOADER = "$(TEST_HOST)";
				CODE_SIGN_STYLE = Automatic;
				INFOPLIST_FILE = MeditateTests/Info.plist;
				IPHONEOS_DEPLOYMENT_TARGET = 14.0;
				LD_RUNPATH_SEARCH_PATHS = (
					"$(inherited)",
					"@executable_path/Frameworks",
					"@loader_path/Frameworks",
				);
				PRODUCT_BUNDLE_IDENTIFIER = com.duffneubauer.MeditateTests;
				PRODUCT_NAME = "$(TARGET_NAME)";
				SWIFT_VERSION = 5.0;
				TARGETED_DEVICE_FAMILY = "1,2";
				TEST_HOST = "$(BUILT_PRODUCTS_DIR)/Meditate.app/Meditate";
			};
			name = Debug;
		};
		17C2EEAE25BDCD0000B89560 /* Release */ = {
			isa = XCBuildConfiguration;
			buildSettings = {
				ALWAYS_EMBED_SWIFT_STANDARD_LIBRARIES = YES;
				BUNDLE_LOADER = "$(TEST_HOST)";
				CODE_SIGN_STYLE = Automatic;
				INFOPLIST_FILE = MeditateTests/Info.plist;
				IPHONEOS_DEPLOYMENT_TARGET = 14.0;
				LD_RUNPATH_SEARCH_PATHS = (
					"$(inherited)",
					"@executable_path/Frameworks",
					"@loader_path/Frameworks",
				);
				PRODUCT_BUNDLE_IDENTIFIER = com.duffneubauer.MeditateTests;
				PRODUCT_NAME = "$(TARGET_NAME)";
				SWIFT_VERSION = 5.0;
				TARGETED_DEVICE_FAMILY = "1,2";
				TEST_HOST = "$(BUILT_PRODUCTS_DIR)/Meditate.app/Meditate";
			};
			name = Release;
		};
		17C2EEB025BDCD0000B89560 /* Debug */ = {
			isa = XCBuildConfiguration;
			buildSettings = {
				ALWAYS_EMBED_SWIFT_STANDARD_LIBRARIES = YES;
				CODE_SIGN_STYLE = Automatic;
				INFOPLIST_FILE = MeditateUITests/Info.plist;
				LD_RUNPATH_SEARCH_PATHS = (
					"$(inherited)",
					"@executable_path/Frameworks",
					"@loader_path/Frameworks",
				);
				PRODUCT_BUNDLE_IDENTIFIER = com.duffneubauer.MeditateUITests;
				PRODUCT_NAME = "$(TARGET_NAME)";
				SWIFT_VERSION = 5.0;
				TARGETED_DEVICE_FAMILY = "1,2";
				TEST_TARGET_NAME = Meditate;
			};
			name = Debug;
		};
		17C2EEB125BDCD0000B89560 /* Release */ = {
			isa = XCBuildConfiguration;
			buildSettings = {
				ALWAYS_EMBED_SWIFT_STANDARD_LIBRARIES = YES;
				CODE_SIGN_STYLE = Automatic;
				INFOPLIST_FILE = MeditateUITests/Info.plist;
				LD_RUNPATH_SEARCH_PATHS = (
					"$(inherited)",
					"@executable_path/Frameworks",
					"@loader_path/Frameworks",
				);
				PRODUCT_BUNDLE_IDENTIFIER = com.duffneubauer.MeditateUITests;
				PRODUCT_NAME = "$(TARGET_NAME)";
				SWIFT_VERSION = 5.0;
				TARGETED_DEVICE_FAMILY = "1,2";
				TEST_TARGET_NAME = Meditate;
			};
			name = Release;
		};
/* End XCBuildConfiguration section */

/* Begin XCConfigurationList section */
		17C2EE7F25BDCCFE00B89560 /* Build configuration list for PBXProject "Meditate" */ = {
			isa = XCConfigurationList;
			buildConfigurations = (
				17C2EEA725BDCD0000B89560 /* Debug */,
				17C2EEA825BDCD0000B89560 /* Release */,
			);
			defaultConfigurationIsVisible = 0;
			defaultConfigurationName = Release;
		};
		17C2EEA925BDCD0000B89560 /* Build configuration list for PBXNativeTarget "Meditate" */ = {
			isa = XCConfigurationList;
			buildConfigurations = (
				17C2EEAA25BDCD0000B89560 /* Debug */,
				17C2EEAB25BDCD0000B89560 /* Release */,
			);
			defaultConfigurationIsVisible = 0;
			defaultConfigurationName = Release;
		};
		17C2EEAC25BDCD0000B89560 /* Build configuration list for PBXNativeTarget "MeditateTests" */ = {
			isa = XCConfigurationList;
			buildConfigurations = (
				17C2EEAD25BDCD0000B89560 /* Debug */,
				17C2EEAE25BDCD0000B89560 /* Release */,
			);
			defaultConfigurationIsVisible = 0;
			defaultConfigurationName = Release;
		};
		17C2EEAF25BDCD0000B89560 /* Build configuration list for PBXNativeTarget "MeditateUITests" */ = {
			isa = XCConfigurationList;
			buildConfigurations = (
				17C2EEB025BDCD0000B89560 /* Debug */,
				17C2EEB125BDCD0000B89560 /* Release */,
			);
			defaultConfigurationIsVisible = 0;
			defaultConfigurationName = Release;
		};
/* End XCConfigurationList section */
	};
	rootObject = 17C2EE7C25BDCCFE00B89560 /* Project object */;
}
